<?xml version="1.0" encoding="utf-8"?>
<Project ToolsVersion="4.0" xmlns="http://schemas.microsoft.com/developer/msbuild/2003">
  <ItemGroup>
    <Filter Include="Source Files">
      <UniqueIdentifier>{4FC737F1-C7A5-4376-A066-2A32D752A2FF}</UniqueIdentifier>
      <Extensions>cpp;c;cc;cxx;c++;cppm;ixx;def;odl;idl;hpj;bat;asm;asmx</Extensions>
    </Filter>
    <Filter Include="Header Files">
      <UniqueIdentifier>{93995380-89BD-4b04-88EB-625FBE52EBFB}</UniqueIdentifier>
      <Extensions>h;hh;hpp;hxx;h++;hm;inl;inc;ipp;xsd</Extensions>
    </Filter>
    <Filter Include="Resource Files">
      <UniqueIdentifier>{67DA6AB6-F800-4c08-8B7A-83BB121AAD01}</UniqueIdentifier>
      <Extensions>rc;ico;cur;bmp;dlg;rc2;rct;bin;rgs;gif;jpg;jpeg;jpe;resx;tiff;tif;png;wav;mfcribbon-ms</Extensions>
    </Filter>
    <Filter Include="Generated Files">
      <UniqueIdentifier>{ac60c9ec-da46-4481-a83f-ca8471c5ad3b}</UniqueIdentifier>
    </Filter>
    <Filter Include="Form Files">
      <UniqueIdentifier>{8c20f4e9-d297-46e5-aa80-03a9ebed0c63}</UniqueIdentifier>
    </Filter>
    <Filter Include="Generated Files\Debug">
      <UniqueIdentifier>{3b736bc3-30dd-44ec-8847-2964969ae190}</UniqueIdentifier>
    </Filter>
    <Filter Include="Generated Files\Release">
      <UniqueIdentifier>{9e8ad166-f917-4438-8afb-1c7e5e63e22d}</UniqueIdentifier>
    </Filter>
  </ItemGroup>
  <ItemGroup>
    <ClCompile Include="amortsched.cpp">
      <Filter>Source Files</Filter>
    </ClCompile>
    <ClCompile Include="loancalc_main.cpp">
      <Filter>Source Files</Filter>
    </ClCompile>
    <ClCompile Include="loancalcservicehandler.cpp">
      <Filter>Source Files</Filter>
    </ClCompile>
    <ClCompile Include="loancalcstruct.cpp">
      <Filter>Source Files</Filter>
    </ClCompile>
    <ClCompile Include="loancalculator.cpp">
      <Filter>Source Files</Filter>
    </ClCompile>
    <ClCompile Include="loancalcwin.cpp">
      <Filter>Source Files</Filter>
    </ClCompile>
    <ClCompile Include="loancalcworker.cpp">
      <Filter>Source Files</Filter>
    </ClCompile>
    <ClCompile Include="versionhandler.cpp">
      <Filter>Source Files</Filter>
    </ClCompile>
    <ClCompile Include="versionworker.cpp">
      <Filter>Source Files</Filter>
    </ClCompile>
    <ClCompile Include="wsdl_LoanCalcService.cpp">
      <Filter>Source Files</Filter>
    </ClCompile>
    <ClCompile Include="wsdl_LoanCalcVerify.cpp">
      <Filter>Source Files</Filter>
    </ClCompile>
    <ClCompile Include="GeneratedFiles\Debug\moc_loancalcservicehandler.cpp">
      <Filter>Generated Files\Debug</Filter>
    </ClCompile>
    <ClCompile Include="GeneratedFiles\Debug\moc_loancalcstruct.cpp">
      <Filter>Generated Files\Debug</Filter>
    </ClCompile>
    <ClCompile Include="GeneratedFiles\Debug\moc_loancalcwin.cpp">
      <Filter>Generated Files\Debug</Filter>
    </ClCompile>
    <ClCompile Include="GeneratedFiles\Debug\moc_loancalcworker.cpp">
      <Filter>Generated Files\Debug</Filter>
    </ClCompile>
    <ClCompile Include="GeneratedFiles\Debug\moc_versionhandler.cpp">
      <Filter>Generated Files\Debug</Filter>
    </ClCompile>
    <ClCompile Include="GeneratedFiles\Debug\moc_versionworker.cpp">
      <Filter>Generated Files\Debug</Filter>
    </ClCompile>
    <ClCompile Include="GeneratedFiles\Debug\moc_wsdl_LoanCalcService.cpp">
      <Filter>Generated Files\Debug</Filter>
    </ClCompile>
    <ClCompile Include="GeneratedFiles\Debug\moc_wsdl_LoanCalcVerify.cpp">
      <Filter>Generated Files\Debug</Filter>
    </ClCompile>
  </ItemGroup>
  <ItemGroup>
    <ClInclude Include="amortsched.h">
      <Filter>Header Files</Filter>
    </ClInclude>
    <ClInclude Include="loancalculator.h">
      <Filter>Header Files</Filter>
    </ClInclude>
    <ClInclude Include="utils.h">
      <Filter>Header Files</Filter>
    </ClInclude>
    <ClInclude Include="GeneratedFiles\ui_loancalcwin.h">
      <Filter>Generated Files</Filter>
    </ClInclude>
    <ClInclude Include="GeneratedFiles\wsdl_LoanCalcService.h">
      <Filter>Generated Files</Filter>
    </ClInclude>
    <ClInclude Include="GeneratedFiles\wsdl_LoanCalcVerify.h">
      <Filter>Generated Files</Filter>
    </ClInclude>
  </ItemGroup>
  <ItemGroup>
    <CustomBuild Include="loancalcwin.ui">
      <Filter>Form Files</Filter>
    </CustomBuild>
    <CustomBuild Include="loancalcservicehandler.h">
      <Filter>Header Files</Filter>
    </CustomBuild>
    <CustomBuild Include="loancalcstruct.h">
      <Filter>Header Files</Filter>
    </CustomBuild>
    <CustomBuild Include="loancalcwin.h">
      <Filter>Header Files</Filter>
    </CustomBuild>
    <CustomBuild Include="loancalcworker.h">
      <Filter>Header Files</Filter>
    </CustomBuild>
    <CustomBuild Include="versionhandler.h">
      <Filter>Header Files</Filter>
    </CustomBuild>
    <CustomBuild Include="versionworker.h">
      <Filter>Header Files</Filter>
    </CustomBuild>
    <CustomBuild Include="wsdl_LoanCalcService.h">
      <Filter>Header Files</Filter>
    </CustomBuild>
    <CustomBuild Include="wsdl_LoanCalcVerify.h">
      <Filter>Header Files</Filter>
    </CustomBuild>
  </ItemGroup>
</Project>